
Microsoft Visual Studio Solution File, Format Version 12.00
# Visual Studio Version 16
VisualStudioVersion = 16.0.30611.23
MinimumVisualStudioVersion = 10.0.40219.1
Project("{FAE04EC0-301F-11D3-BF4B-00C04F79EFBC}") = "GithubTest", "GithubTest\GithubTest.csproj", "{81B7BD96-0A3A-4104-B679-20C2321F6723}"
EndProject
Global
	GlobalSection(SolutionConfigurationPlatforms) = preSolution
		Debug|Any CPU = Debug|Any CPU
		Release|Any CPU = Release|Any CPU
	EndGlobalSection
	GlobalSection(ProjectConfigurationPlatforms) = postSolution
		{81B7BD96-0A3A-4104-B679-20C2321F6723}.Debug|Any CPU.ActiveCfg = Debug|Any CPU
		{81B7BD96-0A3A-4104-B679-20C2321F6723}.Debug|Any CPU.Build.0 = Debug|Any CPU
		{81B7BD96-0A3A-4104-B679-20C2321F6723}.Release|Any CPU.ActiveCfg = Release|Any CPU
		{81B7BD96-0A3A-4104-B679-20C2321F6723}.Release|Any CPU.Build.0 = Release|Any CPU
	EndGlobalSection
	GlobalSection(SolutionProperties) = preSolution
		HideSolutionNode = FALSE
	EndGlobalSection
	GlobalSection(ExtensibilityGlobals) = postSolution
		SolutionGuid = {F2F71E92-4CDB-4CC3-8FD8-CB67BC408706}
	EndGlobalSection
EndGlobal
